
Microsoft Visual Studio Solution File, Format Version 12.00
# Visual Studio 15
Project("{FAE04EC0-301F-11D3-BF4B-00C04F79EFBC}") = "Assembly-CSharp", "Assembly-CSharp.csproj", "{5F4257B0-E649-9825-B31B-565699E3B5ED}"
EndProject
Project("{FAE04EC0-301F-11D3-BF4B-00C04F79EFBC}") = "Assembly-CSharp-firstpass", "Assembly-CSharp-firstpass.csproj", "{A97CA50D-1A9A-6BFC-3C8D-95CD6AE9EBD4}"
EndProject
Global
	GlobalSection(SolutionConfigurationPlatforms) = preSolution
		Debug|Any CPU = Debug|Any CPU
		Release|Any CPU = Release|Any CPU
	EndGlobalSection
	GlobalSection(ProjectConfigurationPlatforms) = postSolution
		{5F4257B0-E649-9825-B31B-565699E3B5ED}.Debug|Any CPU.ActiveCfg = Debug|Any CPU
		{5F4257B0-E649-9825-B31B-565699E3B5ED}.Debug|Any CPU.Build.0 = Debug|Any CPU
		{5F4257B0-E649-9825-B31B-565699E3B5ED}.Release|Any CPU.ActiveCfg = Release|Any CPU
		{5F4257B0-E649-9825-B31B-565699E3B5ED}.Release|Any CPU.Build.0 = Release|Any CPU
		{A97CA50D-1A9A-6BFC-3C8D-95CD6AE9EBD4}.Debug|Any CPU.ActiveCfg = Debug|Any CPU
		{A97CA50D-1A9A-6BFC-3C8D-95CD6AE9EBD4}.Debug|Any CPU.Build.0 = Debug|Any CPU
		{A97CA50D-1A9A-6BFC-3C8D-95CD6AE9EBD4}.Release|Any CPU.ActiveCfg = Release|Any CPU
		{A97CA50D-1A9A-6BFC-3C8D-95CD6AE9EBD4}.Release|Any CPU.Build.0 = Release|Any CPU
	EndGlobalSection
	GlobalSection(SolutionProperties) = preSolution
		HideSolutionNode = FALSE
	EndGlobalSection
EndGlobal
